
Microsoft Visual Studio Solution File, Format Version 12.00
# Visual Studio Version 16
VisualStudioVersion = 25.0.1703.8
MinimumVisualStudioVersion = 10.0.40219.1
Project("{FAE04EC0-301F-11D3-BF4B-00C04F79EFBC}") = "taxonomy-api", "taxonomy-api\taxonomy-api.csproj", "{719770F1-1D26-45B1-AC02-718965833925}"
EndProject
Project("{2150E333-8FDC-42A3-9474-1A3956D46DE8}") = "Solution Items", "Solution Items", "{6EF70B9B-E6F2-4D81-95D3-B8636862A868}"
	ProjectSection(SolutionItems) = preProject
		README.md = README.md
	EndProjectSection
EndProject
Project("{FAE04EC0-301F-11D3-BF4B-00C04F79EFBC}") = "Taxonomy.Domain", "Taxonomy.Domain\Taxonomy.Domain.csproj", "{96C014DC-7AF8-470A-86F6-3316DDE134A2}"
EndProject
Global
	GlobalSection(SolutionConfigurationPlatforms) = preSolution
		Debug|Any CPU = Debug|Any CPU
		Release|Any CPU = Release|Any CPU
	EndGlobalSection
	GlobalSection(ProjectConfigurationPlatforms) = postSolution
		{719770F1-1D26-45B1-AC02-718965833925}.Debug|Any CPU.ActiveCfg = Debug|Any CPU
		{719770F1-1D26-45B1-AC02-718965833925}.Debug|Any CPU.Build.0 = Debug|Any CPU
		{719770F1-1D26-45B1-AC02-718965833925}.Release|Any CPU.ActiveCfg = Release|Any CPU
		{719770F1-1D26-45B1-AC02-718965833925}.Release|Any CPU.Build.0 = Release|Any CPU
		{2F8E4F62-3484-4C21-B52D-9C25E4BE796F}.Debug|Any CPU.ActiveCfg = Debug|Any CPU
		{2F8E4F62-3484-4C21-B52D-9C25E4BE796F}.Debug|Any CPU.Build.0 = Debug|Any CPU
		{2F8E4F62-3484-4C21-B52D-9C25E4BE796F}.Release|Any CPU.ActiveCfg = Release|Any CPU
		{2F8E4F62-3484-4C21-B52D-9C25E4BE796F}.Release|Any CPU.Build.0 = Release|Any CPU
		{96C014DC-7AF8-470A-86F6-3316DDE134A2}.Debug|Any CPU.ActiveCfg = Debug|Any CPU
		{96C014DC-7AF8-470A-86F6-3316DDE134A2}.Debug|Any CPU.Build.0 = Debug|Any CPU
		{96C014DC-7AF8-470A-86F6-3316DDE134A2}.Release|Any CPU.ActiveCfg = Release|Any CPU
		{96C014DC-7AF8-470A-86F6-3316DDE134A2}.Release|Any CPU.Build.0 = Release|Any CPU
	EndGlobalSection
	GlobalSection(SolutionProperties) = preSolution
		HideSolutionNode = FALSE
	EndGlobalSection
	GlobalSection(ExtensibilityGlobals) = postSolution
		SolutionGuid = {76ABDEE5-845C-4B0C-929B-24B9E25891ED}
	EndGlobalSection
EndGlobal
